// !$*UTF8*$!
{
	archiveVersion = 1;
	classes = {
	};
	objectVersion = 46;
	objects = {

/* Begin PBXBuildFile section */
		786E15A41BB90DEC00E17372 /* main.m in Sources */ = {isa = PBXBuildFile; fileRef = 786E15A31BB90DEC00E17372 /* main.m */; };
		786E15A71BB90DEC00E17372 /* AppDelegate.m in Sources */ = {isa = PBXBuildFile; fileRef = 786E15A61BB90DEC00E17372 /* AppDelegate.m */; };
		786E15AA1BB90DEC00E17372 /* FirstViewController.m in Sources */ = {isa = PBXBuildFile; fileRef = 786E15A91BB90DEC00E17372 /* FirstViewController.m */; };
		786E15AD1BB90DEC00E17372 /* SecondViewController.m in Sources */ = {isa = PBXBuildFile; fileRef = 786E15AC1BB90DEC00E17372 /* SecondViewController.m */; };
		786E15B01BB90DEC00E17372 /* Main.storyboard in Resources */ = {isa = PBXBuildFile; fileRef = 786E15AE1BB90DEC00E17372 /* Main.storyboard */; };
		786E15B21BB90DEC00E17372 /* Images.xcassets in Resources */ = {isa = PBXBuildFile; fileRef = 786E15B11BB90DEC00E17372 /* Images.xcassets */; };
		786E15B51BB90DEC00E17372 /* LaunchScreen.xib in Resources */ = {isa = PBXBuildFile; fileRef = 786E15B31BB90DEC00E17372 /* LaunchScreen.xib */; };
		786E15C11BB90DEC00E17372 /* ZhongkeTests.m in Sources */ = {isa = PBXBuildFile; fileRef = 786E15C01BB90DEC00E17372 /* ZhongkeTests.m */; };
		786E15CF1BB9117600E17372 /* ProfileVC.m in Sources */ = {isa = PBXBuildFile; fileRef = 786E15CE1BB9117600E17372 /* ProfileVC.m */; };
		786E15D21BB91D4100E17372 /* TaskVC.m in Sources */ = {isa = PBXBuildFile; fileRef = 786E15D11BB91D4100E17372 /* TaskVC.m */; };
		78789B1D1BC620C500CA14A2 /* HistoryVC.m in Sources */ = {isa = PBXBuildFile; fileRef = 78789B1C1BC620C500CA14A2 /* HistoryVC.m */; };
		78789B201BC65B3500CA14A2 /* TaskDetailVC.m in Sources */ = {isa = PBXBuildFile; fileRef = 78789B1F1BC65B3500CA14A2 /* TaskDetailVC.m */; };
		78C597301BC604E100619E0C /* Bubble-icon.png in Resources */ = {isa = PBXBuildFile; fileRef = 78C5972F1BC604E100619E0C /* Bubble-icon.png */; };
		78C597321BC6051400619E0C /* test.jpg in Resources */ = {isa = PBXBuildFile; fileRef = 78C597311BC6051400619E0C /* test.jpg */; };
/* End PBXBuildFile section */

/* Begin PBXContainerItemProxy section */
		786E15BB1BB90DEC00E17372 /* PBXContainerItemProxy */ = {
			isa = PBXContainerItemProxy;
			containerPortal = 786E15961BB90DEC00E17372 /* Project object */;
			proxyType = 1;
			remoteGlobalIDString = 786E159D1BB90DEC00E17372;
			remoteInfo = Zhongke;
		};
/* End PBXContainerItemProxy section */

/* Begin PBXFileReference section */
		786E159E1BB90DEC00E17372 /* Zhongke.app */ = {isa = PBXFileReference; explicitFileType = wrapper.application; includeInIndex = 0; path = Zhongke.app; sourceTree = BUILT_PRODUCTS_DIR; };
		786E15A21BB90DEC00E17372 /* Info.plist */ = {isa = PBXFileReference; lastKnownFileType = text.plist.xml; path = Info.plist; sourceTree = "<group>"; };
		786E15A31BB90DEC00E17372 /* main.m */ = {isa = PBXFileReference; lastKnownFileType = sourcecode.c.objc; path = main.m; sourceTree = "<group>"; };
		786E15A51BB90DEC00E17372 /* AppDelegate.h */ = {isa = PBXFileReference; lastKnownFileType = sourcecode.c.h; path = AppDelegate.h; sourceTree = "<group>"; };
		786E15A61BB90DEC00E17372 /* AppDelegate.m */ = {isa = PBXFileReference; lastKnownFileType = sourcecode.c.objc; path = AppDelegate.m; sourceTree = "<group>"; };
		786E15A81BB90DEC00E17372 /* FirstViewController.h */ = {isa = PBXFileReference; lastKnownFileType = sourcecode.c.h; path = FirstViewController.h; sourceTree = "<group>"; };
		786E15A91BB90DEC00E17372 /* FirstViewController.m */ = {isa = PBXFileReference; lastKnownFileType = sourcecode.c.objc; path = FirstViewController.m; sourceTree = "<group>"; };
		786E15AB1BB90DEC00E17372 /* SecondViewController.h */ = {isa = PBXFileReference; lastKnownFileType = sourcecode.c.h; path = SecondViewController.h; sourceTree = "<group>"; };
		786E15AC1BB90DEC00E17372 /* SecondViewController.m */ = {isa = PBXFileReference; lastKnownFileType = sourcecode.c.objc; path = SecondViewController.m; sourceTree = "<group>"; };
		786E15AF1BB90DEC00E17372 /* Base */ = {isa = PBXFileReference; lastKnownFileType = file.storyboard; name = Base; path = Base.lproj/Main.storyboard; sourceTree = "<group>"; };
		786E15B11BB90DEC00E17372 /* Images.xcassets */ = {isa = PBXFileReference; lastKnownFileType = folder.assetcatalog; path = Images.xcassets; sourceTree = "<group>"; };
		786E15B41BB90DEC00E17372 /* Base */ = {isa = PBXFileReference; lastKnownFileType = file.xib; name = Base; path = Base.lproj/LaunchScreen.xib; sourceTree = "<group>"; };
		786E15BA1BB90DEC00E17372 /* ZhongkeTests.xctest */ = {isa = PBXFileReference; explicitFileType = wrapper.cfbundle; includeInIndex = 0; path = ZhongkeTests.xctest; sourceTree = BUILT_PRODUCTS_DIR; };
		786E15BF1BB90DEC00E17372 /* Info.plist */ = {isa = PBXFileReference; lastKnownFileType = text.plist.xml; path = Info.plist; sourceTree = "<group>"; };
		786E15C01BB90DEC00E17372 /* ZhongkeTests.m */ = {isa = PBXFileReference; lastKnownFileType = sourcecode.c.objc; path = ZhongkeTests.m; sourceTree = "<group>"; };
		786E15CD1BB9117600E17372 /* ProfileVC.h */ = {isa = PBXFileReference; fileEncoding = 4; lastKnownFileType = sourcecode.c.h; path = ProfileVC.h; sourceTree = "<group>"; };
		786E15CE1BB9117600E17372 /* ProfileVC.m */ = {isa = PBXFileReference; fileEncoding = 4; lastKnownFileType = sourcecode.c.objc; path = ProfileVC.m; sourceTree = "<group>"; };
		786E15D01BB91D4100E17372 /* TaskVC.h */ = {isa = PBXFileReference; fileEncoding = 4; lastKnownFileType = sourcecode.c.h; path = TaskVC.h; sourceTree = "<group>"; };
		786E15D11BB91D4100E17372 /* TaskVC.m */ = {isa = PBXFileReference; fileEncoding = 4; lastKnownFileType = sourcecode.c.objc; path = TaskVC.m; sourceTree = "<group>"; };
		78789B1B1BC620C500CA14A2 /* HistoryVC.h */ = {isa = PBXFileReference; fileEncoding = 4; lastKnownFileType = sourcecode.c.h; path = HistoryVC.h; sourceTree = "<group>"; };
		78789B1C1BC620C500CA14A2 /* HistoryVC.m */ = {isa = PBXFileReference; fileEncoding = 4; lastKnownFileType = sourcecode.c.objc; path = HistoryVC.m; sourceTree = "<group>"; };
		78789B1E1BC65B3500CA14A2 /* TaskDetailVC.h */ = {isa = PBXFileReference; fileEncoding = 4; lastKnownFileType = sourcecode.c.h; path = TaskDetailVC.h; sourceTree = "<group>"; };
		78789B1F1BC65B3500CA14A2 /* TaskDetailVC.m */ = {isa = PBXFileReference; fileEncoding = 4; lastKnownFileType = sourcecode.c.objc; path = TaskDetailVC.m; sourceTree = "<group>"; };
		78C5972F1BC604E100619E0C /* Bubble-icon.png */ = {isa = PBXFileReference; lastKnownFileType = image.png; path = "Bubble-icon.png"; sourceTree = "<group>"; };
		78C597311BC6051400619E0C /* test.jpg */ = {isa = PBXFileReference; lastKnownFileType = image.jpeg; path = test.jpg; sourceTree = "<group>"; };
/* End PBXFileReference section */

/* Begin PBXFrameworksBuildPhase section */
		786E159B1BB90DEC00E17372 /* Frameworks */ = {
			isa = PBXFrameworksBuildPhase;
			buildActionMask = 2147483647;
			files = (
			);
			runOnlyForDeploymentPostprocessing = 0;
		};
		786E15B71BB90DEC00E17372 /* Frameworks */ = {
			isa = PBXFrameworksBuildPhase;
			buildActionMask = 2147483647;
			files = (
			);
			runOnlyForDeploymentPostprocessing = 0;
		};
/* End PBXFrameworksBuildPhase section */

/* Begin PBXGroup section */
		786E15951BB90DEC00E17372 = {
			isa = PBXGroup;
			children = (
				786E15A01BB90DEC00E17372 /* Zhongke */,
				786E15BD1BB90DEC00E17372 /* ZhongkeTests */,
				786E159F1BB90DEC00E17372 /* Products */,
			);
			sourceTree = "<group>";
		};
		786E159F1BB90DEC00E17372 /* Products */ = {
			isa = PBXGroup;
			children = (
				786E159E1BB90DEC00E17372 /* Zhongke.app */,
				786E15BA1BB90DEC00E17372 /* ZhongkeTests.xctest */,
			);
			name = Products;
			sourceTree = "<group>";
		};
		786E15A01BB90DEC00E17372 /* Zhongke */ = {
			isa = PBXGroup;
			children = (
				78C5972E1BC604B900619E0C /* Resource */,
				78789B211BC65B4500CA14A2 /* Task */,
				786E15A51BB90DEC00E17372 /* AppDelegate.h */,
				786E15A61BB90DEC00E17372 /* AppDelegate.m */,
				786E15A81BB90DEC00E17372 /* FirstViewController.h */,
				786E15A91BB90DEC00E17372 /* FirstViewController.m */,
				786E15D01BB91D4100E17372 /* TaskVC.h */,
				786E15D11BB91D4100E17372 /* TaskVC.m */,
				786E15AB1BB90DEC00E17372 /* SecondViewController.h */,
				786E15AC1BB90DEC00E17372 /* SecondViewController.m */,
				78789B1B1BC620C500CA14A2 /* HistoryVC.h */,
				78789B1C1BC620C500CA14A2 /* HistoryVC.m */,
				786E15CD1BB9117600E17372 /* ProfileVC.h */,
				786E15CE1BB9117600E17372 /* ProfileVC.m */,
				786E15AE1BB90DEC00E17372 /* Main.storyboard */,
				786E15B11BB90DEC00E17372 /* Images.xcassets */,
				786E15B31BB90DEC00E17372 /* LaunchScreen.xib */,
				786E15A11BB90DEC00E17372 /* Supporting Files */,
			);
			path = Zhongke;
			sourceTree = "<group>";
		};
		786E15A11BB90DEC00E17372 /* Supporting Files */ = {
			isa = PBXGroup;
			children = (
				786E15A21BB90DEC00E17372 /* Info.plist */,
				786E15A31BB90DEC00E17372 /* main.m */,
			);
			name = "Supporting Files";
			sourceTree = "<group>";
		};
		786E15BD1BB90DEC00E17372 /* ZhongkeTests */ = {
			isa = PBXGroup;
			children = (
				786E15C01BB90DEC00E17372 /* ZhongkeTests.m */,
				786E15BE1BB90DEC00E17372 /* Supporting Files */,
			);
			path = ZhongkeTests;
			sourceTree = "<group>";
		};
		786E15BE1BB90DEC00E17372 /* Supporting Files */ = {
			isa = PBXGroup;
			children = (
				786E15BF1BB90DEC00E17372 /* Info.plist */,
			);
			name = "Supporting Files";
			sourceTree = "<group>";
		};
		78789B211BC65B4500CA14A2 /* Task */ = {
			isa = PBXGroup;
			children = (
				78789B1E1BC65B3500CA14A2 /* TaskDetailVC.h */,
				78789B1F1BC65B3500CA14A2 /* TaskDetailVC.m */,
			);
			name = Task;
			sourceTree = "<group>";
		};
		78C5972E1BC604B900619E0C /* Resource */ = {
			isa = PBXGroup;
			children = (
				78C597311BC6051400619E0C /* test.jpg */,
				78C5972F1BC604E100619E0C /* Bubble-icon.png */,
			);
			name = Resource;
			sourceTree = "<group>";
		};
/* End PBXGroup section */

/* Begin PBXNativeTarget section */
		786E159D1BB90DEC00E17372 /* Zhongke */ = {
			isa = PBXNativeTarget;
			buildConfigurationList = 786E15C41BB90DEC00E17372 /* Build configuration list for PBXNativeTarget "Zhongke" */;
			buildPhases = (
				786E159A1BB90DEC00E17372 /* Sources */,
				786E159B1BB90DEC00E17372 /* Frameworks */,
				786E159C1BB90DEC00E17372 /* Resources */,
			);
			buildRules = (
			);
			dependencies = (
			);
			name = Zhongke;
			productName = Zhongke;
			productReference = 786E159E1BB90DEC00E17372 /* Zhongke.app */;
			productType = "com.apple.product-type.application";
		};
		786E15B91BB90DEC00E17372 /* ZhongkeTests */ = {
			isa = PBXNativeTarget;
			buildConfigurationList = 786E15C71BB90DEC00E17372 /* Build configuration list for PBXNativeTarget "ZhongkeTests" */;
			buildPhases = (
				786E15B61BB90DEC00E17372 /* Sources */,
				786E15B71BB90DEC00E17372 /* Frameworks */,
				786E15B81BB90DEC00E17372 /* Resources */,
			);
			buildRules = (
			);
			dependencies = (
				786E15BC1BB90DEC00E17372 /* PBXTargetDependency */,
			);
			name = ZhongkeTests;
			productName = ZhongkeTests;
			productReference = 786E15BA1BB90DEC00E17372 /* ZhongkeTests.xctest */;
			productType = "com.apple.product-type.bundle.unit-test";
		};
/* End PBXNativeTarget section */

/* Begin PBXProject section */
		786E15961BB90DEC00E17372 /* Project object */ = {
			isa = PBXProject;
			attributes = {
				LastUpgradeCheck = 0640;
				ORGANIZATIONNAME = dampier;
				TargetAttributes = {
					786E159D1BB90DEC00E17372 = {
						CreatedOnToolsVersion = 6.4;
					};
					786E15B91BB90DEC00E17372 = {
						CreatedOnToolsVersion = 6.4;
						TestTargetID = 786E159D1BB90DEC00E17372;
					};
				};
			};
			buildConfigurationList = 786E15991BB90DEC00E17372 /* Build configuration list for PBXProject "Zhongke" */;
			compatibilityVersion = "Xcode 3.2";
			developmentRegion = English;
			hasScannedForEncodings = 0;
			knownRegions = (
				en,
				Base,
			);
			mainGroup = 786E15951BB90DEC00E17372;
			productRefGroup = 786E159F1BB90DEC00E17372 /* Products */;
			projectDirPath = "";
			projectRoot = "";
			targets = (
				786E159D1BB90DEC00E17372 /* Zhongke */,
				786E15B91BB90DEC00E17372 /* ZhongkeTests */,
			);
		};
/* End PBXProject section */

/* Begin PBXResourcesBuildPhase section */
		786E159C1BB90DEC00E17372 /* Resources */ = {
			isa = PBXResourcesBuildPhase;
			buildActionMask = 2147483647;
			files = (
				78C597301BC604E100619E0C /* Bubble-icon.png in Resources */,
				786E15B01BB90DEC00E17372 /* Main.storyboard in Resources */,
				786E15B51BB90DEC00E17372 /* LaunchScreen.xib in Resources */,
				78C597321BC6051400619E0C /* test.jpg in Resources */,
				786E15B21BB90DEC00E17372 /* Images.xcassets in Resources */,
			);
			runOnlyForDeploymentPostprocessing = 0;
		};
		786E15B81BB90DEC00E17372 /* Resources */ = {
			isa = PBXResourcesBuildPhase;
			buildActionMask = 2147483647;
			files = (
			);
			runOnlyForDeploymentPostprocessing = 0;
		};
/* End PBXResourcesBuildPhase section */

/* Begin PBXSourcesBuildPhase section */
		786E159A1BB90DEC00E17372 /* Sources */ = {
			isa = PBXSourcesBuildPhase;
			buildActionMask = 2147483647;
			files = (
				78789B201BC65B3500CA14A2 /* TaskDetailVC.m in Sources */,
				78789B1D1BC620C500CA14A2 /* HistoryVC.m in Sources */,
				786E15AD1BB90DEC00E17372 /* SecondViewController.m in Sources */,
				786E15CF1BB9117600E17372 /* ProfileVC.m in Sources */,
				786E15A71BB90DEC00E17372 /* AppDelegate.m in Sources */,
				786E15D21BB91D4100E17372 /* TaskVC.m in Sources */,
				786E15AA1BB90DEC00E17372 /* FirstViewController.m in Sources */,
				786E15A41BB90DEC00E17372 /* main.m in Sources */,
			);
			runOnlyForDeploymentPostprocessing = 0;
		};
		786E15B61BB90DEC00E17372 /* Sources */ = {
			isa = PBXSourcesBuildPhase;
			buildActionMask = 2147483647;
			files = (
				786E15C11BB90DEC00E17372 /* ZhongkeTests.m in Sources */,
			);
			runOnlyForDeploymentPostprocessing = 0;
		};
/* End PBXSourcesBuildPhase section */

/* Begin PBXTargetDependency section */
		786E15BC1BB90DEC00E17372 /* PBXTargetDependency */ = {
			isa = PBXTargetDependency;
			target = 786E159D1BB90DEC00E17372 /* Zhongke */;
			targetProxy = 786E15BB1BB90DEC00E17372 /* PBXContainerItemProxy */;
		};
/* End PBXTargetDependency section */

/* Begin PBXVariantGroup section */
		786E15AE1BB90DEC00E17372 /* Main.storyboard */ = {
			isa = PBXVariantGroup;
			children = (
				786E15AF1BB90DEC00E17372 /* Base */,
			);
			name = Main.storyboard;
			sourceTree = "<group>";
		};
		786E15B31BB90DEC00E17372 /* LaunchScreen.xib */ = {
			isa = PBXVariantGroup;
			children = (
				786E15B41BB90DEC00E17372 /* Base */,
			);
			name = LaunchScreen.xib;
			sourceTree = "<group>";
		};
/* End PBXVariantGroup section */

/* Begin XCBuildConfiguration section */
		786E15C21BB90DEC00E17372 /* Debug */ = {
			isa = XCBuildConfiguration;
			buildSettings = {
				ALWAYS_SEARCH_USER_PATHS = NO;
				CLANG_CXX_LANGUAGE_STANDARD = "gnu++0x";
				CLANG_CXX_LIBRARY = "libc++";
				CLANG_ENABLE_MODULES = YES;
				CLANG_ENABLE_OBJC_ARC = YES;
				CLANG_WARN_BOOL_CONVERSION = YES;
				CLANG_WARN_CONSTANT_CONVERSION = YES;
				CLANG_WARN_DIRECT_OBJC_ISA_USAGE = YES_ERROR;
				CLANG_WARN_EMPTY_BODY = YES;
				CLANG_WARN_ENUM_CONVERSION = YES;
				CLANG_WARN_INT_CONVERSION = YES;
				CLANG_WARN_OBJC_ROOT_CLASS = YES_ERROR;
				CLANG_WARN_UNREACHABLE_CODE = YES;
				CLANG_WARN__DUPLICATE_METHOD_MATCH = YES;
				"CODE_SIGN_IDENTITY[sdk=iphoneos*]" = "iPhone Developer";
				COPY_PHASE_STRIP = NO;
				DEBUG_INFORMATION_FORMAT = "dwarf-with-dsym";
				ENABLE_STRICT_OBJC_MSGSEND = YES;
				GCC_C_LANGUAGE_STANDARD = gnu99;
				GCC_DYNAMIC_NO_PIC = NO;
				GCC_NO_COMMON_BLOCKS = YES;
				GCC_OPTIMIZATION_LEVEL = 0;
				GCC_PREPROCESSOR_DEFINITIONS = (
					"DEBUG=1",
					"$(inherited)",
				);
				GCC_SYMBOLS_PRIVATE_EXTERN = NO;
				GCC_WARN_64_TO_32_BIT_CONVERSION = YES;
				GCC_WARN_ABOUT_RETURN_TYPE = YES_ERROR;
				GCC_WARN_UNDECLARED_SELECTOR = YES;
				GCC_WARN_UNINITIALIZED_AUTOS = YES_AGGRESSIVE;
				GCC_WARN_UNUSED_FUNCTION = YES;
				GCC_WARN_UNUSED_VARIABLE = YES;
				IPHONEOS_DEPLOYMENT_TARGET = 8.4;
				MTL_ENABLE_DEBUG_INFO = YES;
				ONLY_ACTIVE_ARCH = YES;
				SDKROOT = iphoneos;
				TARGETED_DEVICE_FAMILY = "1,2";
			};
			name = Debug;
		};
		786E15C31BB90DEC00E17372 /* Release */ = {
			isa = XCBuildConfiguration;
			buildSettings = {
				ALWAYS_SEARCH_USER_PATHS = NO;
				CLANG_CXX_LANGUAGE_STANDARD = "gnu++0x";
				CLANG_CXX_LIBRARY = "libc++";
				CLANG_ENABLE_MODULES = YES;
				CLANG_ENABLE_OBJC_ARC = YES;
				CLANG_WARN_BOOL_CONVERSION = YES;
				CLANG_WARN_CONSTANT_CONVERSION = YES;
				CLANG_WARN_DIRECT_OBJC_ISA_USAGE = YES_ERROR;
				CLANG_WARN_EMPTY_BODY = YES;
				CLANG_WARN_ENUM_CONVERSION = YES;
				CLANG_WARN_INT_CONVERSION = YES;
				CLANG_WARN_OBJC_ROOT_CLASS = YES_ERROR;
				CLANG_WARN_UNREACHABLE_CODE = YES;
				CLANG_WARN__DUPLICATE_METHOD_MATCH = YES;
				"CODE_SIGN_IDENTITY[sdk=iphoneos*]" = "iPhone Developer";
				COPY_PHASE_STRIP = NO;
				DEBUG_INFORMATION_FORMAT = "dwarf-with-dsym";
				ENABLE_NS_ASSERTIONS = NO;
				ENABLE_STRICT_OBJC_MSGSEND = YES;
				GCC_C_LANGUAGE_STANDARD = gnu99;
				GCC_NO_COMMON_BLOCKS = YES;
				GCC_WARN_64_TO_32_BIT_CONVERSION = YES;
				GCC_WARN_ABOUT_RETURN_TYPE = YES_ERROR;
				GCC_WARN_UNDECLARED_SELECTOR = YES;
				GCC_WARN_UNINITIALIZED_AUTOS = YES_AGGRESSIVE;
				GCC_WARN_UNUSED_FUNCTION = YES;
				GCC_WARN_UNUSED_VARIABLE = YES;
				IPHONEOS_DEPLOYMENT_TARGET = 8.4;
				MTL_ENABLE_DEBUG_INFO = NO;
				SDKROOT = iphoneos;
				TARGETED_DEVICE_FAMILY = "1,2";
				VALIDATE_PRODUCT = YES;
			};
			name = Release;
		};
		786E15C51BB90DEC00E17372 /* Debug */ = {
			isa = XCBuildConfiguration;
			buildSettings = {
				ASSETCATALOG_COMPILER_APPICON_NAME = AppIcon;
				INFOPLIST_FILE = Zhongke/Info.plist;
				LD_RUNPATH_SEARCH_PATHS = "$(inherited) @executable_path/Frameworks";
				PRODUCT_NAME = "$(TARGET_NAME)";
			};
			name = Debug;
		};
		786E15C61BB90DEC00E17372 /* Release */ = {
			isa = XCBuildConfiguration;
			buildSettings = {
				ASSETCATALOG_COMPILER_APPICON_NAME = AppIcon;
				INFOPLIST_FILE = Zhongke/Info.plist;
				LD_RUNPATH_SEARCH_PATHS = "$(inherited) @executable_path/Frameworks";
				PRODUCT_NAME = "$(TARGET_NAME)";
			};
			name = Release;
		};
		786E15C81BB90DEC00E17372 /* Debug */ = {
			isa = XCBuildConfiguration;
			buildSettings = {
				BUNDLE_LOADER = "$(TEST_HOST)";
				FRAMEWORK_SEARCH_PATHS = (
					"$(SDKROOT)/Developer/Library/Frameworks",
					"$(inherited)",
				);
				GCC_PREPROCESSOR_DEFINITIONS = (
					"DEBUG=1",
					"$(inherited)",
				);
				INFOPLIST_FILE = ZhongkeTests/Info.plist;
				LD_RUNPATH_SEARCH_PATHS = "$(inherited) @executable_path/Frameworks @loader_path/Frameworks";
				PRODUCT_NAME = "$(TARGET_NAME)";
				TEST_HOST = "$(BUILT_PRODUCTS_DIR)/Zhongke.app/Zhongke";
			};
			name = Debug;
		};
		786E15C91BB90DEC00E17372 /* Release */ = {
			isa = XCBuildConfiguration;
			buildSettings = {
				BUNDLE_LOADER = "$(TEST_HOST)";
				FRAMEWORK_SEARCH_PATHS = (
					"$(SDKROOT)/Developer/Library/Frameworks",
					"$(inherited)",
				);
				INFOPLIST_FILE = ZhongkeTests/Info.plist;
				LD_RUNPATH_SEARCH_PATHS = "$(inherited) @executable_path/Frameworks @loader_path/Frameworks";
				PRODUCT_NAME = "$(TARGET_NAME)";
				TEST_HOST = "$(BUILT_PRODUCTS_DIR)/Zhongke.app/Zhongke";
			};
			name = Release;
		};
/* End XCBuildConfiguration section */

/* Begin XCConfigurationList section */
		786E15991BB90DEC00E17372 /* Build configuration list for PBXProject "Zhongke" */ = {
			isa = XCConfigurationList;
			buildConfigurations = (
				786E15C21BB90DEC00E17372 /* Debug */,
				786E15C31BB90DEC00E17372 /* Release */,
			);
			defaultConfigurationIsVisible = 0;
			defaultConfigurationName = Release;
		};
		786E15C41BB90DEC00E17372 /* Build configuration list for PBXNativeTarget "Zhongke" */ = {
			isa = XCConfigurationList;
			buildConfigurations = (
				786E15C51BB90DEC00E17372 /* Debug */,
				786E15C61BB90DEC00E17372 /* Release */,
			);
			defaultConfigurationIsVisible = 0;
			defaultConfigurationName = Release;
		};
		786E15C71BB90DEC00E17372 /* Build configuration list for PBXNativeTarget "ZhongkeTests" */ = {
			isa = XCConfigurationList;
			buildConfigurations = (
				786E15C81BB90DEC00E17372 /* Debug */,
				786E15C91BB90DEC00E17372 /* Release */,
			);
			defaultConfigurationIsVisible = 0;
			defaultConfigurationName = Release;
		};
/* End XCConfigurationList section */
	};
	rootObject = 786E15961BB90DEC00E17372 /* Project object */;
}
